// !$*UTF8*$!
{
	archiveVersion = 1;
	classes = {
	};
	objectVersion = 77;
	objects = {

/* Begin PBXBuildFile section */
		263E345FA9D1D9660664C4A8 /* Pods_Musiz.framework in Frameworks */ = {isa = PBXBuildFile; fileRef = BA474323463CDBC900E096E4 /* Pods_Musiz.framework */; };
		4E1607B52E04239D005E1FA2 /* GoogleService-Info.plist in Resources */ = {isa = PBXBuildFile; fileRef = 4E1607B42E04239D005E1FA2 /* GoogleService-Info.plist */; };
		4E1607B82E0424E4005E1FA2 /* FirebaseAI in Frameworks */ = {isa = PBXBuildFile; productRef = 4E1607B72E0424E4005E1FA2 /* FirebaseAI */; };
		4E1607BA2E0424E4005E1FA2 /* FirebaseAnalytics in Frameworks */ = {isa = PBXBuildFile; productRef = 4E1607B92E0424E4005E1FA2 /* FirebaseAnalytics */; };
		4E1607BC2E0424E4005E1FA2 /* FirebaseAnalyticsCore in Frameworks */ = {isa = PBXBuildFile; productRef = 4E1607BB2E0424E4005E1FA2 /* FirebaseAnalyticsCore */; };
		4E1607BE2E0424E4005E1FA2 /* FirebaseAnalyticsIdentitySupport in Frameworks */ = {isa = PBXBuildFile; productRef = 4E1607BD2E0424E4005E1FA2 /* FirebaseAnalyticsIdentitySupport */; };
		4E1607C02E0424E4005E1FA2 /* FirebaseAnalyticsOnDeviceConversion in Frameworks */ = {isa = PBXBuildFile; productRef = 4E1607BF2E0424E4005E1FA2 /* FirebaseAnalyticsOnDeviceConversion */; };
		4E1607C22E0424E4005E1FA2 /* FirebaseAnalyticsWithoutAdIdSupport in Frameworks */ = {isa = PBXBuildFile; productRef = 4E1607C12E0424E4005E1FA2 /* FirebaseAnalyticsWithoutAdIdSupport */; };
		4E1607C42E0424E4005E1FA2 /* FirebaseAppCheck in Frameworks */ = {isa = PBXBuildFile; productRef = 4E1607C32E0424E4005E1FA2 /* FirebaseAppCheck */; };
		4E1607C62E0424E4005E1FA2 /* FirebaseAppDistribution-Beta in Frameworks */ = {isa = PBXBuildFile; productRef = 4E1607C52E0424E4005E1FA2 /* FirebaseAppDistribution-Beta */; };
		4E1607C82E0424E4005E1FA2 /* FirebaseAuth in Frameworks */ = {isa = PBXBuildFile; productRef = 4E1607C72E0424E4005E1FA2 /* FirebaseAuth */; };
		4E1607CA2E0424E4005E1FA2 /* FirebaseAuthCombine-Community in Frameworks */ = {isa = PBXBuildFile; productRef = 4E1607C92E0424E4005E1FA2 /* FirebaseAuthCombine-Community */; };
		4E1607CC2E0424E4005E1FA2 /* FirebaseCore in Frameworks */ = {isa = PBXBuildFile; productRef = 4E1607CB2E0424E4005E1FA2 /* FirebaseCore */; };
		4E1607CE2E0424E4005E1FA2 /* FirebaseCrashlytics in Frameworks */ = {isa = PBXBuildFile; productRef = 4E1607CD2E0424E4005E1FA2 /* FirebaseCrashlytics */; };
		4E1607D02E0424E4005E1FA2 /* FirebaseDatabase in Frameworks */ = {isa = PBXBuildFile; productRef = 4E1607CF2E0424E4005E1FA2 /* FirebaseDatabase */; };
		4E1607D22E0424E4005E1FA2 /* FirebaseDynamicLinks in Frameworks */ = {isa = PBXBuildFile; productRef = 4E1607D12E0424E4005E1FA2 /* FirebaseDynamicLinks */; };
		4E1607D42E0424E4005E1FA2 /* FirebaseFirestore in Frameworks */ = {isa = PBXBuildFile; productRef = 4E1607D32E0424E4005E1FA2 /* FirebaseFirestore */; };
		4E1607D62E0424E4005E1FA2 /* FirebaseFirestoreCombine-Community in Frameworks */ = {isa = PBXBuildFile; productRef = 4E1607D52E0424E4005E1FA2 /* FirebaseFirestoreCombine-Community */; };
		4E1607D82E0424E4005E1FA2 /* FirebaseFunctions in Frameworks */ = {isa = PBXBuildFile; productRef = 4E1607D72E0424E4005E1FA2 /* FirebaseFunctions */; };
		4E1607DA2E0424E4005E1FA2 /* FirebaseFunctionsCombine-Community in Frameworks */ = {isa = PBXBuildFile; productRef = 4E1607D92E0424E4005E1FA2 /* FirebaseFunctionsCombine-Community */; };
		4E1607DC2E0424E4005E1FA2 /* FirebaseInAppMessaging-Beta in Frameworks */ = {isa = PBXBuildFile; productRef = 4E1607DB2E0424E4005E1FA2 /* FirebaseInAppMessaging-Beta */; };
		4E1607DE2E0424E4005E1FA2 /* FirebaseInstallations in Frameworks */ = {isa = PBXBuildFile; productRef = 4E1607DD2E0424E4005E1FA2 /* FirebaseInstallations */; };
		4E1607E02E0424E4005E1FA2 /* FirebaseMLModelDownloader in Frameworks */ = {isa = PBXBuildFile; productRef = 4E1607DF2E0424E4005E1FA2 /* FirebaseMLModelDownloader */; };
		4E1607E22E0424E4005E1FA2 /* FirebaseMessaging in Frameworks */ = {isa = PBXBuildFile; productRef = 4E1607E12E0424E4005E1FA2 /* FirebaseMessaging */; };
		4E1607E42E0424E4005E1FA2 /* FirebasePerformance in Frameworks */ = {isa = PBXBuildFile; productRef = 4E1607E32E0424E4005E1FA2 /* FirebasePerformance */; };
		4E1607E62E0424E4005E1FA2 /* FirebaseRemoteConfig in Frameworks */ = {isa = PBXBuildFile; productRef = 4E1607E52E0424E4005E1FA2 /* FirebaseRemoteConfig */; };
		4E1607E82E0424E4005E1FA2 /* FirebaseStorage in Frameworks */ = {isa = PBXBuildFile; productRef = 4E1607E72E0424E4005E1FA2 /* FirebaseStorage */; };
		4E1607EA2E0424E4005E1FA2 /* FirebaseStorageCombine-Community in Frameworks */ = {isa = PBXBuildFile; productRef = 4E1607E92E0424E4005E1FA2 /* FirebaseStorageCombine-Community */; };
		4E1607EC2E0424E4005E1FA2 /* FirebaseVertexAI in Frameworks */ = {isa = PBXBuildFile; productRef = 4E1607EB2E0424E4005E1FA2 /* FirebaseVertexAI */; };
		4E1E01C82E0131AE0078E722 /* MainTabView.swift in Sources */ = {isa = PBXBuildFile; fileRef = 4E1E01C52E0131AE0078E722 /* MainTabView.swift */; };
		4E1E01C92E0131AE0078E722 /* MusizApp.swift in Sources */ = {isa = PBXBuildFile; fileRef = 4E1E01C62E0131AE0078E722 /* MusizApp.swift */; };
		4E1E01CA2E0131AE0078E722 /* Assets.xcassets in Resources */ = {isa = PBXBuildFile; fileRef = 4E1E01C42E0131AE0078E722 /* Assets.xcassets */; };
		4E1E01D32E0132EC0078E722 /* HomeView.swift in Sources */ = {isa = PBXBuildFile; fileRef = 4E1E01D22E0132EC0078E722 /* HomeView.swift */; };
		4E1E01D72E01332B0078E722 /* AudioPlayerViewModel.swift in Sources */ = {isa = PBXBuildFile; fileRef = 4E1E01D62E01332B0078E722 /* AudioPlayerViewModel.swift */; };
		4E1E01D92E0135920078E722 /* SongModel.swift in Sources */ = {isa = PBXBuildFile; fileRef = 4E1E01D82E0135920078E722 /* SongModel.swift */; };
		4E1E01DB2E0135A90078E722 /* SongCard.swift in Sources */ = {isa = PBXBuildFile; fileRef = 4E1E01DA2E0135A90078E722 /* SongCard.swift */; };
		4E1E01DD2E0135C10078E722 /* SectionView.swift in Sources */ = {isa = PBXBuildFile; fileRef = 4E1E01DC2E0135C10078E722 /* SectionView.swift */; };
		4E1E01DF2E0135E40078E722 /* SongListView.swift in Sources */ = {isa = PBXBuildFile; fileRef = 4E1E01DE2E0135E40078E722 /* SongListView.swift */; };
		4E1E01E12E0135FA0078E722 /* SongDetailView.swift in Sources */ = {isa = PBXBuildFile; fileRef = 4E1E01E02E0135FA0078E722 /* SongDetailView.swift */; };
		4E1E01E32E0136220078E722 /* SearchCategory.swift in Sources */ = {isa = PBXBuildFile; fileRef = 4E1E01E22E0136220078E722 /* SearchCategory.swift */; };
		4E1E01E72E0136590078E722 /* PlayList.swift in Sources */ = {isa = PBXBuildFile; fileRef = 4E1E01E62E0136590078E722 /* PlayList.swift */; };
		4E1E01E92E0136730078E722 /* SamplePlayList.swift in Sources */ = {isa = PBXBuildFile; fileRef = 4E1E01E82E0136730078E722 /* SamplePlayList.swift */; };
		4E1E01F32E0137530078E722 /* Peaches.mp3 in Resources */ = {isa = PBXBuildFile; fileRef = 4E1E01F22E0137530078E722 /* Peaches.mp3 */; };
		4E1E01F52E01375C0078E722 /* Perfect.mp3 in Resources */ = {isa = PBXBuildFile; fileRef = 4E1E01F42E01375C0078E722 /* Perfect.mp3 */; };
		4E1E02062E013DEF0078E722 /* Model.xcdatamodeld in Sources */ = {isa = PBXBuildFile; fileRef = 4E1E02042E013DEF0078E722 /* Model.xcdatamodeld */; };
		4E1E02082E013E2A0078E722 /* CoreDataManager.swift in Sources */ = {isa = PBXBuildFile; fileRef = 4E1E02072E013E2A0078E722 /* CoreDataManager.swift */; };
		4E1E020A2E013E6D0078E722 /* UserPlaylistView.swift in Sources */ = {isa = PBXBuildFile; fileRef = 4E1E02092E013E6D0078E722 /* UserPlaylistView.swift */; };
		4E1E020C2E01455B0078E722 /* AddPlaylistView.swift in Sources */ = {isa = PBXBuildFile; fileRef = 4E1E020B2E01455B0078E722 /* AddPlaylistView.swift */; };
		4E1E02172E0149480078E722 /* PlaylistDetailView.swift in Sources */ = {isa = PBXBuildFile; fileRef = 4E1E02162E0149470078E722 /* PlaylistDetailView.swift */; };
		4E1E02192E0153010078E722 /* PlaylistSelectionSheet.swift in Sources */ = {isa = PBXBuildFile; fileRef = 4E1E02182E0153010078E722 /* PlaylistSelectionSheet.swift */; };
		4E1E021B2E0163F00078E722 /* LoginScreen.swift in Sources */ = {isa = PBXBuildFile; fileRef = 4E1E021A2E0163F00078E722 /* LoginScreen.swift */; };
		4E1E022A2E01646B0078E722 /* CustomTextField.swift in Sources */ = {isa = PBXBuildFile; fileRef = 4E1E02292E01646B0078E722 /* CustomTextField.swift */; };
		4E1E02402E0189F00078E722 /* LikedSongsView.swift in Sources */ = {isa = PBXBuildFile; fileRef = 4E1E023C2E0189F00078E722 /* LikedSongsView.swift */; };
		4E1E02412E0189F00078E722 /* ProfileView.swift in Sources */ = {isa = PBXBuildFile; fileRef = 4E1E023D2E0189F00078E722 /* ProfileView.swift */; };
		4E1E02422E0189F00078E722 /* SettingsView.swift in Sources */ = {isa = PBXBuildFile; fileRef = 4E1E023E2E0189F00078E722 /* SettingsView.swift */; };
		4E1E02452E018A090078E722 /* SettingsSection.swift in Sources */ = {isa = PBXBuildFile; fileRef = 4E1E02442E018A090078E722 /* SettingsSection.swift */; };
		4E1E02472E018A1E0078E722 /* SettingsRow.swift in Sources */ = {isa = PBXBuildFile; fileRef = 4E1E02462E018A1E0078E722 /* SettingsRow.swift */; };
		4E1E02492E018A3B0078E722 /* SettingsToggle.swift in Sources */ = {isa = PBXBuildFile; fileRef = 4E1E02482E018A3B0078E722 /* SettingsToggle.swift */; };
		4E1E024B2E0191C80078E722 /* ImagePicker.swift in Sources */ = {isa = PBXBuildFile; fileRef = 4E1E024A2E0191C80078E722 /* ImagePicker.swift */; };
		4E9E22552E01AE3B002AB8EB /* SleepTimerManager.swift in Sources */ = {isa = PBXBuildFile; fileRef = 4E9E22542E01AE3B002AB8EB /* SleepTimerManager.swift */; };
		4E9E22572E01AE53002AB8EB /* SleepTimerView.swift in Sources */ = {isa = PBXBuildFile; fileRef = 4E9E22562E01AE53002AB8EB /* SleepTimerView.swift */; };
		6792553888BB8ADB7D22CFBF /* Pods_MusizTests.framework in Frameworks */ = {isa = PBXBuildFile; fileRef = 03972BCF85DB5B462C2B3A71 /* Pods_MusizTests.framework */; };
		EC6416D590A94E2B28BCEBB7 /* Pods_Musiz_MusizUITests.framework in Frameworks */ = {isa = PBXBuildFile; fileRef = 6F8256324ED4DAC36BAFB3EF /* Pods_Musiz_MusizUITests.framework */; };
/* End PBXBuildFile section */

/* Begin PBXContainerItemProxy section */
		4E1E01A82E0131990078E722 /* PBXContainerItemProxy */ = {
			isa = PBXContainerItemProxy;
			containerPortal = 4E1E01922E0131950078E722 /* Project object */;
			proxyType = 1;
			remoteGlobalIDString = 4E1E01992E0131950078E722;
			remoteInfo = Musiz;
		};
		4E1E01B22E0131990078E722 /* PBXContainerItemProxy */ = {
			isa = PBXContainerItemProxy;
			containerPortal = 4E1E01922E0131950078E722 /* Project object */;
			proxyType = 1;
			remoteGlobalIDString = 4E1E01992E0131950078E722;
			remoteInfo = Musiz;
		};
/* End PBXContainerItemProxy section */

/* Begin PBXFileReference section */
		03972BCF85DB5B462C2B3A71 /* Pods_MusizTests.framework */ = {isa = PBXFileReference; explicitFileType = wrapper.framework; includeInIndex = 0; path = Pods_MusizTests.framework; sourceTree = BUILT_PRODUCTS_DIR; };
		4E1607B42E04239D005E1FA2 /* GoogleService-Info.plist */ = {isa = PBXFileReference; lastKnownFileType = text.plist.xml; path = "GoogleService-Info.plist"; sourceTree = "<group>"; };
		4E1E019A2E0131950078E722 /* Musiz.app */ = {isa = PBXFileReference; explicitFileType = wrapper.application; includeInIndex = 0; path = Musiz.app; sourceTree = BUILT_PRODUCTS_DIR; };
		4E1E01A72E0131990078E722 /* MusizTests.xctest */ = {isa = PBXFileReference; explicitFileType = wrapper.cfbundle; includeInIndex = 0; path = MusizTests.xctest; sourceTree = BUILT_PRODUCTS_DIR; };
		4E1E01B12E0131990078E722 /* MusizUITests.xctest */ = {isa = PBXFileReference; explicitFileType = wrapper.cfbundle; includeInIndex = 0; path = MusizUITests.xctest; sourceTree = BUILT_PRODUCTS_DIR; };
		4E1E01C42E0131AE0078E722 /* Assets.xcassets */ = {isa = PBXFileReference; lastKnownFileType = folder.assetcatalog; path = Assets.xcassets; sourceTree = "<group>"; };
		4E1E01C52E0131AE0078E722 /* MainTabView.swift */ = {isa = PBXFileReference; lastKnownFileType = sourcecode.swift; path = MainTabView.swift; sourceTree = "<group>"; };
		4E1E01C62E0131AE0078E722 /* MusizApp.swift */ = {isa = PBXFileReference; lastKnownFileType = sourcecode.swift; path = MusizApp.swift; sourceTree = "<group>"; };
		4E1E01D22E0132EC0078E722 /* HomeView.swift */ = {isa = PBXFileReference; lastKnownFileType = sourcecode.swift; path = HomeView.swift; sourceTree = "<group>"; };
		4E1E01D62E01332B0078E722 /* AudioPlayerViewModel.swift */ = {isa = PBXFileReference; lastKnownFileType = sourcecode.swift; path = AudioPlayerViewModel.swift; sourceTree = "<group>"; };
		4E1E01D82E0135920078E722 /* SongModel.swift */ = {isa = PBXFileReference; lastKnownFileType = sourcecode.swift; path = SongModel.swift; sourceTree = "<group>"; };
		4E1E01DA2E0135A90078E722 /* SongCard.swift */ = {isa = PBXFileReference; lastKnownFileType = sourcecode.swift; path = SongCard.swift; sourceTree = "<group>"; };
		4E1E01DC2E0135C10078E722 /* SectionView.swift */ = {isa = PBXFileReference; lastKnownFileType = sourcecode.swift; path = SectionView.swift; sourceTree = "<group>"; };
		4E1E01DE2E0135E40078E722 /* SongListView.swift */ = {isa = PBXFileReference; lastKnownFileType = sourcecode.swift; path = SongListView.swift; sourceTree = "<group>"; };
		4E1E01E02E0135FA0078E722 /* SongDetailView.swift */ = {isa = PBXFileReference; lastKnownFileType = sourcecode.swift; path = SongDetailView.swift; sourceTree = "<group>"; };
		4E1E01E22E0136220078E722 /* SearchCategory.swift */ = {isa = PBXFileReference; lastKnownFileType = sourcecode.swift; path = SearchCategory.swift; sourceTree = "<group>"; };
		4E1E01E62E0136590078E722 /* PlayList.swift */ = {isa = PBXFileReference; lastKnownFileType = sourcecode.swift; path = PlayList.swift; sourceTree = "<group>"; };
		4E1E01E82E0136730078E722 /* SamplePlayList.swift */ = {isa = PBXFileReference; lastKnownFileType = sourcecode.swift; path = SamplePlayList.swift; sourceTree = "<group>"; };
		4E1E01F22E0137530078E722 /* Peaches.mp3 */ = {isa = PBXFileReference; lastKnownFileType = audio.mp3; path = Peaches.mp3; sourceTree = "<group>"; };
		4E1E01F42E01375C0078E722 /* Perfect.mp3 */ = {isa = PBXFileReference; lastKnownFileType = audio.mp3; path = Perfect.mp3; sourceTree = "<group>"; };
		4E1E02052E013DEF0078E722 /* Model.xcdatamodel */ = {isa = PBXFileReference; lastKnownFileType = wrapper.xcdatamodel; path = Model.xcdatamodel; sourceTree = "<group>"; };
		4E1E02072E013E2A0078E722 /* CoreDataManager.swift */ = {isa = PBXFileReference; lastKnownFileType = sourcecode.swift; path = CoreDataManager.swift; sourceTree = "<group>"; };
		4E1E02092E013E6D0078E722 /* UserPlaylistView.swift */ = {isa = PBXFileReference; lastKnownFileType = sourcecode.swift; path = UserPlaylistView.swift; sourceTree = "<group>"; };
		4E1E020B2E01455B0078E722 /* AddPlaylistView.swift */ = {isa = PBXFileReference; lastKnownFileType = sourcecode.swift; path = AddPlaylistView.swift; sourceTree = "<group>"; };
		4E1E02162E0149470078E722 /* PlaylistDetailView.swift */ = {isa = PBXFileReference; lastKnownFileType = sourcecode.swift; path = PlaylistDetailView.swift; sourceTree = "<group>"; };
		4E1E02182E0153010078E722 /* PlaylistSelectionSheet.swift */ = {isa = PBXFileReference; lastKnownFileType = sourcecode.swift; path = PlaylistSelectionSheet.swift; sourceTree = "<group>"; };
		4E1E021A2E0163F00078E722 /* LoginScreen.swift */ = {isa = PBXFileReference; lastKnownFileType = sourcecode.swift; path = LoginScreen.swift; sourceTree = "<group>"; };
		4E1E02292E01646B0078E722 /* CustomTextField.swift */ = {isa = PBXFileReference; lastKnownFileType = sourcecode.swift; path = CustomTextField.swift; sourceTree = "<group>"; };
		4E1E023C2E0189F00078E722 /* LikedSongsView.swift */ = {isa = PBXFileReference; lastKnownFileType = sourcecode.swift; path = LikedSongsView.swift; sourceTree = "<group>"; };
		4E1E023D2E0189F00078E722 /* ProfileView.swift */ = {isa = PBXFileReference; lastKnownFileType = sourcecode.swift; path = ProfileView.swift; sourceTree = "<group>"; };
		4E1E023E2E0189F00078E722 /* SettingsView.swift */ = {isa = PBXFileReference; lastKnownFileType = sourcecode.swift; path = SettingsView.swift; sourceTree = "<group>"; };
		4E1E02442E018A090078E722 /* SettingsSection.swift */ = {isa = PBXFileReference; lastKnownFileType = sourcecode.swift; path = SettingsSection.swift; sourceTree = "<group>"; };
		4E1E02462E018A1E0078E722 /* SettingsRow.swift */ = {isa = PBXFileReference; lastKnownFileType = sourcecode.swift; path = SettingsRow.swift; sourceTree = "<group>"; };
		4E1E02482E018A3B0078E722 /* SettingsToggle.swift */ = {isa = PBXFileReference; lastKnownFileType = sourcecode.swift; path = SettingsToggle.swift; sourceTree = "<group>"; };
		4E1E024A2E0191C80078E722 /* ImagePicker.swift */ = {isa = PBXFileReference; lastKnownFileType = sourcecode.swift; path = ImagePicker.swift; sourceTree = "<group>"; };
		4E9E22542E01AE3B002AB8EB /* SleepTimerManager.swift */ = {isa = PBXFileReference; lastKnownFileType = sourcecode.swift; path = SleepTimerManager.swift; sourceTree = "<group>"; };
		4E9E22562E01AE53002AB8EB /* SleepTimerView.swift */ = {isa = PBXFileReference; lastKnownFileType = sourcecode.swift; path = SleepTimerView.swift; sourceTree = "<group>"; };
		5171AB6BB5428DC8DE05BF81 /* Pods-MusizTests.release.xcconfig */ = {isa = PBXFileReference; includeInIndex = 1; lastKnownFileType = text.xcconfig; name = "Pods-MusizTests.release.xcconfig"; path = "Target Support Files/Pods-MusizTests/Pods-MusizTests.release.xcconfig"; sourceTree = "<group>"; };
		55B7C74131489BEAE72C7999 /* Pods-MusizTests.debug.xcconfig */ = {isa = PBXFileReference; includeInIndex = 1; lastKnownFileType = text.xcconfig; name = "Pods-MusizTests.debug.xcconfig"; path = "Target Support Files/Pods-MusizTests/Pods-MusizTests.debug.xcconfig"; sourceTree = "<group>"; };
		6F8256324ED4DAC36BAFB3EF /* Pods_Musiz_MusizUITests.framework */ = {isa = PBXFileReference; explicitFileType = wrapper.framework; includeInIndex = 0; path = Pods_Musiz_MusizUITests.framework; sourceTree = BUILT_PRODUCTS_DIR; };
		7F093D8672706D8C870CF716 /* Pods-Musiz-MusizUITests.release.xcconfig */ = {isa = PBXFileReference; includeInIndex = 1; lastKnownFileType = text.xcconfig; name = "Pods-Musiz-MusizUITests.release.xcconfig"; path = "Target Support Files/Pods-Musiz-MusizUITests/Pods-Musiz-MusizUITests.release.xcconfig"; sourceTree = "<group>"; };
		9ECDEEC9414184971863ED28 /* Pods-Musiz.debug.xcconfig */ = {isa = PBXFileReference; includeInIndex = 1; lastKnownFileType = text.xcconfig; name = "Pods-Musiz.debug.xcconfig"; path = "Target Support Files/Pods-Musiz/Pods-Musiz.debug.xcconfig"; sourceTree = "<group>"; };
		BA474323463CDBC900E096E4 /* Pods_Musiz.framework */ = {isa = PBXFileReference; explicitFileType = wrapper.framework; includeInIndex = 0; path = Pods_Musiz.framework; sourceTree = BUILT_PRODUCTS_DIR; };
		E261A46D25AB23838B720496 /* Pods-Musiz.release.xcconfig */ = {isa = PBXFileReference; includeInIndex = 1; lastKnownFileType = text.xcconfig; name = "Pods-Musiz.release.xcconfig"; path = "Target Support Files/Pods-Musiz/Pods-Musiz.release.xcconfig"; sourceTree = "<group>"; };
		FC2271F398C5C29FD7BD25DE /* Pods-Musiz-MusizUITests.debug.xcconfig */ = {isa = PBXFileReference; includeInIndex = 1; lastKnownFileType = text.xcconfig; name = "Pods-Musiz-MusizUITests.debug.xcconfig"; path = "Target Support Files/Pods-Musiz-MusizUITests/Pods-Musiz-MusizUITests.debug.xcconfig"; sourceTree = "<group>"; };
/* End PBXFileReference section */

/* Begin PBXFileSystemSynchronizedRootGroup section */
		4E1E01AA2E0131990078E722 /* MusizTests */ = {
			isa = PBXFileSystemSynchronizedRootGroup;
			exceptions = (
			);
			path = MusizTests;
			sourceTree = "<group>";
		};
		4E1E01B42E0131990078E722 /* MusizUITests */ = {
			isa = PBXFileSystemSynchronizedRootGroup;
			exceptions = (
			);
			path = MusizUITests;
			sourceTree = "<group>";
		};
/* End PBXFileSystemSynchronizedRootGroup section */

/* Begin PBXFrameworksBuildPhase section */
		4E1E01972E0131950078E722 /* Frameworks */ = {
			isa = PBXFrameworksBuildPhase;
			buildActionMask = 2147483647;
			files = (
				4E1607D82E0424E4005E1FA2 /* FirebaseFunctions in Frameworks */,
				4E1607D02E0424E4005E1FA2 /* FirebaseDatabase in Frameworks */,
				4E1607BE2E0424E4005E1FA2 /* FirebaseAnalyticsIdentitySupport in Frameworks */,
				4E1607E82E0424E4005E1FA2 /* FirebaseStorage in Frameworks */,
				4E1607C22E0424E4005E1FA2 /* FirebaseAnalyticsWithoutAdIdSupport in Frameworks */,
				4E1607CC2E0424E4005E1FA2 /* FirebaseCore in Frameworks */,
				4E1607BA2E0424E4005E1FA2 /* FirebaseAnalytics in Frameworks */,
				4E1607E02E0424E4005E1FA2 /* FirebaseMLModelDownloader in Frameworks */,
				4E1607D22E0424E4005E1FA2 /* FirebaseDynamicLinks in Frameworks */,
				4E1607C02E0424E4005E1FA2 /* FirebaseAnalyticsOnDeviceConversion in Frameworks */,
				4E1607C82E0424E4005E1FA2 /* FirebaseAuth in Frameworks */,
				4E1607D42E0424E4005E1FA2 /* FirebaseFirestore in Frameworks */,
				4E1607D62E0424E4005E1FA2 /* FirebaseFirestoreCombine-Community in Frameworks */,
				4E1607EC2E0424E4005E1FA2 /* FirebaseVertexAI in Frameworks */,
				4E1607DC2E0424E4005E1FA2 /* FirebaseInAppMessaging-Beta in Frameworks */,
				4E1607DA2E0424E4005E1FA2 /* FirebaseFunctionsCombine-Community in Frameworks */,
				4E1607C42E0424E4005E1FA2 /* FirebaseAppCheck in Frameworks */,
				4E1607EA2E0424E4005E1FA2 /* FirebaseStorageCombine-Community in Frameworks */,
				4E1607E62E0424E4005E1FA2 /* FirebaseRemoteConfig in Frameworks */,
				4E1607BC2E0424E4005E1FA2 /* FirebaseAnalyticsCore in Frameworks */,
				4E1607B82E0424E4005E1FA2 /* FirebaseAI in Frameworks */,
				4E1607E42E0424E4005E1FA2 /* FirebasePerformance in Frameworks */,
				4E1607CE2E0424E4005E1FA2 /* FirebaseCrashlytics in Frameworks */,
				4E1607C62E0424E4005E1FA2 /* FirebaseAppDistribution-Beta in Frameworks */,
				4E1607CA2E0424E4005E1FA2 /* FirebaseAuthCombine-Community in Frameworks */,
				4E1607E22E0424E4005E1FA2 /* FirebaseMessaging in Frameworks */,
				4E1607DE2E0424E4005E1FA2 /* FirebaseInstallations in Frameworks */,
				263E345FA9D1D9660664C4A8 /* Pods_Musiz.framework in Frameworks */,
			);
			runOnlyForDeploymentPostprocessing = 0;
		};
		4E1E01A42E0131990078E722 /* Frameworks */ = {
			isa = PBXFrameworksBuildPhase;
			buildActionMask = 2147483647;
			files = (
				6792553888BB8ADB7D22CFBF /* Pods_MusizTests.framework in Frameworks */,
			);
			runOnlyForDeploymentPostprocessing = 0;
		};
		4E1E01AE2E0131990078E722 /* Frameworks */ = {
			isa = PBXFrameworksBuildPhase;
			buildActionMask = 2147483647;
			files = (
				EC6416D590A94E2B28BCEBB7 /* Pods_Musiz_MusizUITests.framework in Frameworks */,
			);
			runOnlyForDeploymentPostprocessing = 0;
		};
/* End PBXFrameworksBuildPhase section */

/* Begin PBXGroup section */
		0EC366CB670016B3A0ADECCE /* Pods */ = {
			isa = PBXGroup;
			children = (
				9ECDEEC9414184971863ED28 /* Pods-Musiz.debug.xcconfig */,
				E261A46D25AB23838B720496 /* Pods-Musiz.release.xcconfig */,
				FC2271F398C5C29FD7BD25DE /* Pods-Musiz-MusizUITests.debug.xcconfig */,
				7F093D8672706D8C870CF716 /* Pods-Musiz-MusizUITests.release.xcconfig */,
				55B7C74131489BEAE72C7999 /* Pods-MusizTests.debug.xcconfig */,
				5171AB6BB5428DC8DE05BF81 /* Pods-MusizTests.release.xcconfig */,
			);
			name = Pods;
			path = Pods;
			sourceTree = "<group>";
		};
		1057EACC253FC38D6F0748E8 /* Frameworks */ = {
			isa = PBXGroup;
			children = (
				BA474323463CDBC900E096E4 /* Pods_Musiz.framework */,
				6F8256324ED4DAC36BAFB3EF /* Pods_Musiz_MusizUITests.framework */,
				03972BCF85DB5B462C2B3A71 /* Pods_MusizTests.framework */,
			);
			name = Frameworks;
			sourceTree = "<group>";
		};
		4E1E01912E0131950078E722 = {
			isa = PBXGroup;
			children = (
				4E1E01C72E0131AE0078E722 /* Musiz */,
				4E1E01AA2E0131990078E722 /* MusizTests */,
				4E1E01B42E0131990078E722 /* MusizUITests */,
				4E1E019B2E0131950078E722 /* Products */,
				0EC366CB670016B3A0ADECCE /* Pods */,
				1057EACC253FC38D6F0748E8 /* Frameworks */,
			);
			sourceTree = "<group>";
		};
		4E1E019B2E0131950078E722 /* Products */ = {
			isa = PBXGroup;
			children = (
				4E1E019A2E0131950078E722 /* Musiz.app */,
				4E1E01A72E0131990078E722 /* MusizTests.xctest */,
				4E1E01B12E0131990078E722 /* MusizUITests.xctest */,
			);
			name = Products;
			sourceTree = "<group>";
		};
		4E1E01C72E0131AE0078E722 /* Musiz */ = {
			isa = PBXGroup;
			children = (
				4E1E01C62E0131AE0078E722 /* MusizApp.swift */,
				4E1E01C52E0131AE0078E722 /* MainTabView.swift */,
				4E1E01D42E01330F0078E722 /* Model */,
				4E1E01D12E0132360078E722 /* View */,
				4E1E01D52E01331A0078E722 /* ViewModel */,
				4E1E02022E013DCB0078E722 /* CoreData */,
				4E1E01C42E0131AE0078E722 /* Assets.xcassets */,
				4E1E01F22E0137530078E722 /* Peaches.mp3 */,
				4E1E01F42E01375C0078E722 /* Perfect.mp3 */,
				4E1607B42E04239D005E1FA2 /* GoogleService-Info.plist */,
			);
			path = Musiz;
			sourceTree = "<group>";
		};
		4E1E01CB2E0131BD0078E722 /* HomeScreen */ = {
			isa = PBXGroup;
			children = (
				4E1E01D22E0132EC0078E722 /* HomeView.swift */,
			);
			path = HomeScreen;
			sourceTree = "<group>";
		};
		4E1E01CC2E0131C50078E722 /* SongDetailScreen */ = {
			isa = PBXGroup;
			children = (
				4E1E01E02E0135FA0078E722 /* SongDetailView.swift */,
				4E1E02182E0153010078E722 /* PlaylistSelectionSheet.swift */,
			);
			path = SongDetailScreen;
			sourceTree = "<group>";
		};
		4E1E01CD2E0131D80078E722 /* SongList */ = {
			isa = PBXGroup;
			children = (
				4E1E01DE2E0135E40078E722 /* SongListView.swift */,
			);
			path = SongList;
			sourceTree = "<group>";
		};
		4E1E01CE2E0131E60078E722 /* SearchScreen */ = {
			isa = PBXGroup;
			children = (
				4E1E01E22E0136220078E722 /* SearchCategory.swift */,
			);
			path = SearchScreen;
			sourceTree = "<group>";
		};
		4E1E01CF2E0131F80078E722 /* PlayListScreen */ = {
			isa = PBXGroup;
			children = (
				4E1E02092E013E6D0078E722 /* UserPlaylistView.swift */,
				4E1E020B2E01455B0078E722 /* AddPlaylistView.swift */,
				4E1E02162E0149470078E722 /* PlaylistDetailView.swift */,
			);
			path = PlayListScreen;
			sourceTree = "<group>";
		};
		4E1E01D12E0132360078E722 /* View */ = {
			isa = PBXGroup;
			children = (
				4E1E021C2E0163F90078E722 /* LoginScreen */,
				4E1E01CB2E0131BD0078E722 /* HomeScreen */,
				4E1E01CC2E0131C50078E722 /* SongDetailScreen */,
				4E1E01CD2E0131D80078E722 /* SongList */,
				4E1E01CE2E0131E60078E722 /* SearchScreen */,
				4E1E01CF2E0131F80078E722 /* PlayListScreen */,
				4E1E023F2E0189F00078E722 /* ProfileScreen */,
			);
			path = View;
			sourceTree = "<group>";
		};
		4E1E01D42E01330F0078E722 /* Model */ = {
			isa = PBXGroup;
			children = (
				4E1E01D82E0135920078E722 /* SongModel.swift */,
				4E1E01E62E0136590078E722 /* PlayList.swift */,
				4E1E01E82E0136730078E722 /* SamplePlayList.swift */,
			);
			path = Model;
			sourceTree = "<group>";
		};
		4E1E01D52E01331A0078E722 /* ViewModel */ = {
			isa = PBXGroup;
			children = (
				4E9E22532E01AE23002AB8EB /* SleepingTIme */,
				4E1E01D62E01332B0078E722 /* AudioPlayerViewModel.swift */,
				4E1E01DA2E0135A90078E722 /* SongCard.swift */,
				4E1E01DC2E0135C10078E722 /* SectionView.swift */,
			);
			path = ViewModel;
			sourceTree = "<group>";
		};
		4E1E02022E013DCB0078E722 /* CoreData */ = {
			isa = PBXGroup;
			children = (
				4E1E02042E013DEF0078E722 /* Model.xcdatamodeld */,
				4E1E02072E013E2A0078E722 /* CoreDataManager.swift */,
			);
			path = CoreData;
			sourceTree = "<group>";
		};
		4E1E021C2E0163F90078E722 /* LoginScreen */ = {
			isa = PBXGroup;
			children = (
				4E1E021A2E0163F00078E722 /* LoginScreen.swift */,
				4E1E02292E01646B0078E722 /* CustomTextField.swift */,
			);
			path = LoginScreen;
			sourceTree = "<group>";
		};
		4E1E023F2E0189F00078E722 /* ProfileScreen */ = {
			isa = PBXGroup;
			children = (
				4E1E023D2E0189F00078E722 /* ProfileView.swift */,
				4E1E023C2E0189F00078E722 /* LikedSongsView.swift */,
				4E1E024A2E0191C80078E722 /* ImagePicker.swift */,
				4E1E02432E0189F30078E722 /* Settings */,
			);
			path = ProfileScreen;
			sourceTree = "<group>";
		};
		4E1E02432E0189F30078E722 /* Settings */ = {
			isa = PBXGroup;
			children = (
				4E1E023E2E0189F00078E722 /* SettingsView.swift */,
				4E1E02442E018A090078E722 /* SettingsSection.swift */,
				4E1E02462E018A1E0078E722 /* SettingsRow.swift */,
				4E1E02482E018A3B0078E722 /* SettingsToggle.swift */,
			);
			path = Settings;
			sourceTree = "<group>";
		};
		4E9E22532E01AE23002AB8EB /* SleepingTIme */ = {
			isa = PBXGroup;
			children = (
				4E9E22542E01AE3B002AB8EB /* SleepTimerManager.swift */,
				4E9E22562E01AE53002AB8EB /* SleepTimerView.swift */,
			);
			path = SleepingTIme;
			sourceTree = "<group>";
		};
/* End PBXGroup section */

/* Begin PBXNativeTarget section */
		4E1E01992E0131950078E722 /* Musiz */ = {
			isa = PBXNativeTarget;
			buildConfigurationList = 4E1E01BB2E0131990078E722 /* Build configuration list for PBXNativeTarget "Musiz" */;
			buildPhases = (
				9D075027AA6E6EA317F5EE49 /* [CP] Check Pods Manifest.lock */,
				4E1E01962E0131950078E722 /* Sources */,
				4E1E01972E0131950078E722 /* Frameworks */,
				4E1E01982E0131950078E722 /* Resources */,
			);
			buildRules = (
			);
			dependencies = (
			);
			name = Musiz;
			packageProductDependencies = (
				4E1607B72E0424E4005E1FA2 /* FirebaseAI */,
				4E1607B92E0424E4005E1FA2 /* FirebaseAnalytics */,
				4E1607BB2E0424E4005E1FA2 /* FirebaseAnalyticsCore */,
				4E1607BD2E0424E4005E1FA2 /* FirebaseAnalyticsIdentitySupport */,
				4E1607BF2E0424E4005E1FA2 /* FirebaseAnalyticsOnDeviceConversion */,
				4E1607C12E0424E4005E1FA2 /* FirebaseAnalyticsWithoutAdIdSupport */,
				4E1607C32E0424E4005E1FA2 /* FirebaseAppCheck */,
				4E1607C52E0424E4005E1FA2 /* FirebaseAppDistribution-Beta */,
				4E1607C72E0424E4005E1FA2 /* FirebaseAuth */,
				4E1607C92E0424E4005E1FA2 /* FirebaseAuthCombine-Community */,
				4E1607CB2E0424E4005E1FA2 /* FirebaseCore */,
				4E1607CD2E0424E4005E1FA2 /* FirebaseCrashlytics */,
				4E1607CF2E0424E4005E1FA2 /* FirebaseDatabase */,
				4E1607D12E0424E4005E1FA2 /* FirebaseDynamicLinks */,
				4E1607D32E0424E4005E1FA2 /* FirebaseFirestore */,
				4E1607D52E0424E4005E1FA2 /* FirebaseFirestoreCombine-Community */,
				4E1607D72E0424E4005E1FA2 /* FirebaseFunctions */,
				4E1607D92E0424E4005E1FA2 /* FirebaseFunctionsCombine-Community */,
				4E1607DB2E0424E4005E1FA2 /* FirebaseInAppMessaging-Beta */,
				4E1607DD2E0424E4005E1FA2 /* FirebaseInstallations */,
				4E1607DF2E0424E4005E1FA2 /* FirebaseMLModelDownloader */,
				4E1607E12E0424E4005E1FA2 /* FirebaseMessaging */,
				4E1607E32E0424E4005E1FA2 /* FirebasePerformance */,
				4E1607E52E0424E4005E1FA2 /* FirebaseRemoteConfig */,
				4E1607E72E0424E4005E1FA2 /* FirebaseStorage */,
				4E1607E92E0424E4005E1FA2 /* FirebaseStorageCombine-Community */,
				4E1607EB2E0424E4005E1FA2 /* FirebaseVertexAI */,
			);
			productName = Musiz;
			productReference = 4E1E019A2E0131950078E722 /* Musiz.app */;
			productType = "com.apple.product-type.application";
		};
		4E1E01A62E0131990078E722 /* MusizTests */ = {
			isa = PBXNativeTarget;
			buildConfigurationList = 4E1E01BE2E0131990078E722 /* Build configuration list for PBXNativeTarget "MusizTests" */;
			buildPhases = (
				FB3E707E0C8004A0FB560C6B /* [CP] Check Pods Manifest.lock */,
				4E1E01A32E0131990078E722 /* Sources */,
				4E1E01A42E0131990078E722 /* Frameworks */,
				4E1E01A52E0131990078E722 /* Resources */,
			);
			buildRules = (
			);
			dependencies = (
				4E1E01A92E0131990078E722 /* PBXTargetDependency */,
			);
			fileSystemSynchronizedGroups = (
				4E1E01AA2E0131990078E722 /* MusizTests */,
			);
			name = MusizTests;
			productName = MusizTests;
			productReference = 4E1E01A72E0131990078E722 /* MusizTests.xctest */;
			productType = "com.apple.product-type.bundle.unit-test";
		};
		4E1E01B02E0131990078E722 /* MusizUITests */ = {
			isa = PBXNativeTarget;
			buildConfigurationList = 4E1E01C12E0131990078E722 /* Build configuration list for PBXNativeTarget "MusizUITests" */;
			buildPhases = (
				8318D6556387C41BA7C8AA22 /* [CP] Check Pods Manifest.lock */,
				4E1E01AD2E0131990078E722 /* Sources */,
				4E1E01AE2E0131990078E722 /* Frameworks */,
				4E1E01AF2E0131990078E722 /* Resources */,
			);
			buildRules = (
			);
			dependencies = (
				4E1E01B32E0131990078E722 /* PBXTargetDependency */,
			);
			fileSystemSynchronizedGroups = (
				4E1E01B42E0131990078E722 /* MusizUITests */,
			);
			name = MusizUITests;
			productName = MusizUITests;
			productReference = 4E1E01B12E0131990078E722 /* MusizUITests.xctest */;
			productType = "com.apple.product-type.bundle.ui-testing";
		};
/* End PBXNativeTarget section */

/* Begin PBXProject section */
		4E1E01922E0131950078E722 /* Project object */ = {
			isa = PBXProject;
			attributes = {
				BuildIndependentTargetsInParallel = 1;
				LastSwiftUpdateCheck = 1640;
				LastUpgradeCheck = 1640;
				TargetAttributes = {
					4E1E01992E0131950078E722 = {
						CreatedOnToolsVersion = 16.4;
					};
					4E1E01A62E0131990078E722 = {
						CreatedOnToolsVersion = 16.4;
						TestTargetID = 4E1E01992E0131950078E722;
					};
					4E1E01B02E0131990078E722 = {
						CreatedOnToolsVersion = 16.4;
						TestTargetID = 4E1E01992E0131950078E722;
					};
				};
			};
			buildConfigurationList = 4E1E01952E0131950078E722 /* Build configuration list for PBXProject "Musiz" */;
			developmentRegion = en;
			hasScannedForEncodings = 0;
			knownRegions = (
				en,
				Base,
			);
			mainGroup = 4E1E01912E0131950078E722;
			minimizedProjectReferenceProxies = 1;
			packageReferences = (
				4E1607B62E0424E4005E1FA2 /* XCRemoteSwiftPackageReference "firebase-ios-sdk" */,
			);
			preferredProjectObjectVersion = 77;
			productRefGroup = 4E1E019B2E0131950078E722 /* Products */;
			projectDirPath = "";
			projectRoot = "";
			targets = (
				4E1E01992E0131950078E722 /* Musiz */,
				4E1E01A62E0131990078E722 /* MusizTests */,
				4E1E01B02E0131990078E722 /* MusizUITests */,
			);
		};
/* End PBXProject section */

/* Begin PBXResourcesBuildPhase section */
		4E1E01982E0131950078E722 /* Resources */ = {
			isa = PBXResourcesBuildPhase;
			buildActionMask = 2147483647;
			files = (
				4E1E01F32E0137530078E722 /* Peaches.mp3 in Resources */,
				4E1E01F52E01375C0078E722 /* Perfect.mp3 in Resources */,
				4E1E01CA2E0131AE0078E722 /* Assets.xcassets in Resources */,
				4E1607B52E04239D005E1FA2 /* GoogleService-Info.plist in Resources */,
			);
			runOnlyForDeploymentPostprocessing = 0;
		};
		4E1E01A52E0131990078E722 /* Resources */ = {
			isa = PBXResourcesBuildPhase;
			buildActionMask = 2147483647;
			files = (
			);
			runOnlyForDeploymentPostprocessing = 0;
		};
		4E1E01AF2E0131990078E722 /* Resources */ = {
			isa = PBXResourcesBuildPhase;
			buildActionMask = 2147483647;
			files = (
			);
			runOnlyForDeploymentPostprocessing = 0;
		};
/* End PBXResourcesBuildPhase section */

/* Begin PBXShellScriptBuildPhase section */
		8318D6556387C41BA7C8AA22 /* [CP] Check Pods Manifest.lock */ = {
			isa = PBXShellScriptBuildPhase;
			buildActionMask = 2147483647;
			files = (
			);
			inputFileListPaths = (
			);
			inputPaths = (
				"${PODS_PODFILE_DIR_PATH}/Podfile.lock",
				"${PODS_ROOT}/Manifest.lock",
			);
			name = "[CP] Check Pods Manifest.lock";
			outputFileListPaths = (
			);
			outputPaths = (
				"$(DERIVED_FILE_DIR)/Pods-Musiz-MusizUITests-checkManifestLockResult.txt",
			);
			runOnlyForDeploymentPostprocessing = 0;
			shellPath = /bin/sh;
			shellScript = "diff \"${PODS_PODFILE_DIR_PATH}/Podfile.lock\" \"${PODS_ROOT}/Manifest.lock\" > /dev/null\nif [ $? != 0 ] ; then\n    # print error to STDERR\n    echo \"error: The sandbox is not in sync with the Podfile.lock. Run 'pod install' or update your CocoaPods installation.\" >&2\n    exit 1\nfi\n# This output is used by Xcode 'outputs' to avoid re-running this script phase.\necho \"SUCCESS\" > \"${SCRIPT_OUTPUT_FILE_0}\"\n";
			showEnvVarsInLog = 0;
		};
		9D075027AA6E6EA317F5EE49 /* [CP] Check Pods Manifest.lock */ = {
			isa = PBXShellScriptBuildPhase;
			buildActionMask = 2147483647;
			files = (
			);
			inputFileListPaths = (
			);
			inputPaths = (
				"${PODS_PODFILE_DIR_PATH}/Podfile.lock",
				"${PODS_ROOT}/Manifest.lock",
			);
			name = "[CP] Check Pods Manifest.lock";
			outputFileListPaths = (
			);
			outputPaths = (
				"$(DERIVED_FILE_DIR)/Pods-Musiz-checkManifestLockResult.txt",
			);
			runOnlyForDeploymentPostprocessing = 0;
			shellPath = /bin/sh;
			shellScript = "diff \"${PODS_PODFILE_DIR_PATH}/Podfile.lock\" \"${PODS_ROOT}/Manifest.lock\" > /dev/null\nif [ $? != 0 ] ; then\n    # print error to STDERR\n    echo \"error: The sandbox is not in sync with the Podfile.lock. Run 'pod install' or update your CocoaPods installation.\" >&2\n    exit 1\nfi\n# This output is used by Xcode 'outputs' to avoid re-running this script phase.\necho \"SUCCESS\" > \"${SCRIPT_OUTPUT_FILE_0}\"\n";
			showEnvVarsInLog = 0;
		};
		FB3E707E0C8004A0FB560C6B /* [CP] Check Pods Manifest.lock */ = {
			isa = PBXShellScriptBuildPhase;
			buildActionMask = 2147483647;
			files = (
			);
			inputFileListPaths = (
			);
			inputPaths = (
				"${PODS_PODFILE_DIR_PATH}/Podfile.lock",
				"${PODS_ROOT}/Manifest.lock",
			);
			name = "[CP] Check Pods Manifest.lock";
			outputFileListPaths = (
			);
			outputPaths = (
				"$(DERIVED_FILE_DIR)/Pods-MusizTests-checkManifestLockResult.txt",
			);
			runOnlyForDeploymentPostprocessing = 0;
			shellPath = /bin/sh;
			shellScript = "diff \"${PODS_PODFILE_DIR_PATH}/Podfile.lock\" \"${PODS_ROOT}/Manifest.lock\" > /dev/null\nif [ $? != 0 ] ; then\n    # print error to STDERR\n    echo \"error: The sandbox is not in sync with the Podfile.lock. Run 'pod install' or update your CocoaPods installation.\" >&2\n    exit 1\nfi\n# This output is used by Xcode 'outputs' to avoid re-running this script phase.\necho \"SUCCESS\" > \"${SCRIPT_OUTPUT_FILE_0}\"\n";
			showEnvVarsInLog = 0;
		};
/* End PBXShellScriptBuildPhase section */

/* Begin PBXSourcesBuildPhase section */
		4E1E01962E0131950078E722 /* Sources */ = {
			isa = PBXSourcesBuildPhase;
			buildActionMask = 2147483647;
			files = (
				4E1E01DB2E0135A90078E722 /* SongCard.swift in Sources */,
				4E1E01D72E01332B0078E722 /* AudioPlayerViewModel.swift in Sources */,
				4E1E02062E013DEF0078E722 /* Model.xcdatamodeld in Sources */,
				4E1E024B2E0191C80078E722 /* ImagePicker.swift in Sources */,
				4E1E02172E0149480078E722 /* PlaylistDetailView.swift in Sources */,
				4E1E01D92E0135920078E722 /* SongModel.swift in Sources */,
				4E1E01E72E0136590078E722 /* PlayList.swift in Sources */,
				4E1E02452E018A090078E722 /* SettingsSection.swift in Sources */,
				4E1E01E32E0136220078E722 /* SearchCategory.swift in Sources */,
				4E1E01DF2E0135E40078E722 /* SongListView.swift in Sources */,
				4E1E01E12E0135FA0078E722 /* SongDetailView.swift in Sources */,
				4E1E021B2E0163F00078E722 /* LoginScreen.swift in Sources */,
				4E1E02402E0189F00078E722 /* LikedSongsView.swift in Sources */,
				4E1E02472E018A1E0078E722 /* SettingsRow.swift in Sources */,
				4E1E02412E0189F00078E722 /* ProfileView.swift in Sources */,
				4E1E02422E0189F00078E722 /* SettingsView.swift in Sources */,
				4E1E01DD2E0135C10078E722 /* SectionView.swift in Sources */,
				4E1E01D32E0132EC0078E722 /* HomeView.swift in Sources */,
				4E1E01C82E0131AE0078E722 /* MainTabView.swift in Sources */,
				4E1E02492E018A3B0078E722 /* SettingsToggle.swift in Sources */,
				4E1E01E92E0136730078E722 /* SamplePlayList.swift in Sources */,
				4E1E022A2E01646B0078E722 /* CustomTextField.swift in Sources */,
				4E9E22572E01AE53002AB8EB /* SleepTimerView.swift in Sources */,
				4E1E02082E013E2A0078E722 /* CoreDataManager.swift in Sources */,
				4E9E22552E01AE3B002AB8EB /* SleepTimerManager.swift in Sources */,
				4E1E02192E0153010078E722 /* PlaylistSelectionSheet.swift in Sources */,
				4E1E01C92E0131AE0078E722 /* MusizApp.swift in Sources */,
				4E1E020C2E01455B0078E722 /* AddPlaylistView.swift in Sources */,
				4E1E020A2E013E6D0078E722 /* UserPlaylistView.swift in Sources */,
			);
			runOnlyForDeploymentPostprocessing = 0;
		};
		4E1E01A32E0131990078E722 /* Sources */ = {
			isa = PBXSourcesBuildPhase;
			buildActionMask = 2147483647;
			files = (
			);
			runOnlyForDeploymentPostprocessing = 0;
		};
		4E1E01AD2E0131990078E722 /* Sources */ = {
			isa = PBXSourcesBuildPhase;
			buildActionMask = 2147483647;
			files = (
			);
			runOnlyForDeploymentPostprocessing = 0;
		};
/* End PBXSourcesBuildPhase section */

/* Begin PBXTargetDependency section */
		4E1E01A92E0131990078E722 /* PBXTargetDependency */ = {
			isa = PBXTargetDependency;
			target = 4E1E01992E0131950078E722 /* Musiz */;
			targetProxy = 4E1E01A82E0131990078E722 /* PBXContainerItemProxy */;
		};
		4E1E01B32E0131990078E722 /* PBXTargetDependency */ = {
			isa = PBXTargetDependency;
			target = 4E1E01992E0131950078E722 /* Musiz */;
			targetProxy = 4E1E01B22E0131990078E722 /* PBXContainerItemProxy */;
		};
/* End PBXTargetDependency section */

/* Begin XCBuildConfiguration section */
		4E1E01B92E0131990078E722 /* Debug */ = {
			isa = XCBuildConfiguration;
			buildSettings = {
				ALWAYS_SEARCH_USER_PATHS = NO;
				ASSETCATALOG_COMPILER_GENERATE_SWIFT_ASSET_SYMBOL_EXTENSIONS = YES;
				CLANG_ANALYZER_NONNULL = YES;
				CLANG_ANALYZER_NUMBER_OBJECT_CONVERSION = YES_AGGRESSIVE;
				CLANG_CXX_LANGUAGE_STANDARD = "gnu++20";
				CLANG_ENABLE_MODULES = YES;
				CLANG_ENABLE_OBJC_ARC = YES;
				CLANG_ENABLE_OBJC_WEAK = YES;
				CLANG_WARN_BLOCK_CAPTURE_AUTORELEASING = YES;
				CLANG_WARN_BOOL_CONVERSION = YES;
				CLANG_WARN_COMMA = YES;
				CLANG_WARN_CONSTANT_CONVERSION = YES;
				CLANG_WARN_DEPRECATED_OBJC_IMPLEMENTATIONS = YES;
				CLANG_WARN_DIRECT_OBJC_ISA_USAGE = YES_ERROR;
				CLANG_WARN_DOCUMENTATION_COMMENTS = YES;
				CLANG_WARN_EMPTY_BODY = YES;
				CLANG_WARN_ENUM_CONVERSION = YES;
				CLANG_WARN_INFINITE_RECURSION = YES;
				CLANG_WARN_INT_CONVERSION = YES;
				CLANG_WARN_NON_LITERAL_NULL_CONVERSION = YES;
				CLANG_WARN_OBJC_IMPLICIT_RETAIN_SELF = YES;
				CLANG_WARN_OBJC_LITERAL_CONVERSION = YES;
				CLANG_WARN_OBJC_ROOT_CLASS = YES_ERROR;
				CLANG_WARN_QUOTED_INCLUDE_IN_FRAMEWORK_HEADER = YES;
				CLANG_WARN_RANGE_LOOP_ANALYSIS = YES;
				CLANG_WARN_STRICT_PROTOTYPES = YES;
				CLANG_WARN_SUSPICIOUS_MOVE = YES;
				CLANG_WARN_UNGUARDED_AVAILABILITY = YES_AGGRESSIVE;
				CLANG_WARN_UNREACHABLE_CODE = YES;
				CLANG_WARN__DUPLICATE_METHOD_MATCH = YES;
				COPY_PHASE_STRIP = NO;
				DEBUG_INFORMATION_FORMAT = dwarf;
				DEVELOPMENT_TEAM = H2C4R2VE3A;
				ENABLE_STRICT_OBJC_MSGSEND = YES;
				ENABLE_TESTABILITY = YES;
				ENABLE_USER_SCRIPT_SANDBOXING = YES;
				GCC_C_LANGUAGE_STANDARD = gnu17;
				GCC_DYNAMIC_NO_PIC = NO;
				GCC_NO_COMMON_BLOCKS = YES;
				GCC_OPTIMIZATION_LEVEL = 0;
				GCC_PREPROCESSOR_DEFINITIONS = (
					"DEBUG=1",
					"$(inherited)",
				);
				GCC_WARN_64_TO_32_BIT_CONVERSION = YES;
				GCC_WARN_ABOUT_RETURN_TYPE = YES_ERROR;
				GCC_WARN_UNDECLARED_SELECTOR = YES;
				GCC_WARN_UNINITIALIZED_AUTOS = YES_AGGRESSIVE;
				GCC_WARN_UNUSED_FUNCTION = YES;
				GCC_WARN_UNUSED_VARIABLE = YES;
				IPHONEOS_DEPLOYMENT_TARGET = 18.5;
				LOCALIZATION_PREFERS_STRING_CATALOGS = YES;
				MTL_ENABLE_DEBUG_INFO = INCLUDE_SOURCE;
				MTL_FAST_MATH = YES;
				ONLY_ACTIVE_ARCH = YES;
				SDKROOT = iphoneos;
				SWIFT_ACTIVE_COMPILATION_CONDITIONS = "DEBUG $(inherited)";
				SWIFT_OPTIMIZATION_LEVEL = "-Onone";
			};
			name = Debug;
		};
		4E1E01BA2E0131990078E722 /* Release */ = {
			isa = XCBuildConfiguration;
			buildSettings = {
				ALWAYS_SEARCH_USER_PATHS = NO;
				ASSETCATALOG_COMPILER_GENERATE_SWIFT_ASSET_SYMBOL_EXTENSIONS = YES;
				CLANG_ANALYZER_NONNULL = YES;
				CLANG_ANALYZER_NUMBER_OBJECT_CONVERSION = YES_AGGRESSIVE;
				CLANG_CXX_LANGUAGE_STANDARD = "gnu++20";
				CLANG_ENABLE_MODULES = YES;
				CLANG_ENABLE_OBJC_ARC = YES;
				CLANG_ENABLE_OBJC_WEAK = YES;
				CLANG_WARN_BLOCK_CAPTURE_AUTORELEASING = YES;
				CLANG_WARN_BOOL_CONVERSION = YES;
				CLANG_WARN_COMMA = YES;
				CLANG_WARN_CONSTANT_CONVERSION = YES;
				CLANG_WARN_DEPRECATED_OBJC_IMPLEMENTATIONS = YES;
				CLANG_WARN_DIRECT_OBJC_ISA_USAGE = YES_ERROR;
				CLANG_WARN_DOCUMENTATION_COMMENTS = YES;
				CLANG_WARN_EMPTY_BODY = YES;
				CLANG_WARN_ENUM_CONVERSION = YES;
				CLANG_WARN_INFINITE_RECURSION = YES;
				CLANG_WARN_INT_CONVERSION = YES;
				CLANG_WARN_NON_LITERAL_NULL_CONVERSION = YES;
				CLANG_WARN_OBJC_IMPLICIT_RETAIN_SELF = YES;
				CLANG_WARN_OBJC_LITERAL_CONVERSION = YES;
				CLANG_WARN_OBJC_ROOT_CLASS = YES_ERROR;
				CLANG_WARN_QUOTED_INCLUDE_IN_FRAMEWORK_HEADER = YES;
				CLANG_WARN_RANGE_LOOP_ANALYSIS = YES;
				CLANG_WARN_STRICT_PROTOTYPES = YES;
				CLANG_WARN_SUSPICIOUS_MOVE = YES;
				CLANG_WARN_UNGUARDED_AVAILABILITY = YES_AGGRESSIVE;
				CLANG_WARN_UNREACHABLE_CODE = YES;
				CLANG_WARN__DUPLICATE_METHOD_MATCH = YES;
				COPY_PHASE_STRIP = NO;
				DEBUG_INFORMATION_FORMAT = "dwarf-with-dsym";
				DEVELOPMENT_TEAM = H2C4R2VE3A;
				ENABLE_NS_ASSERTIONS = NO;
				ENABLE_STRICT_OBJC_MSGSEND = YES;
				ENABLE_USER_SCRIPT_SANDBOXING = YES;
				GCC_C_LANGUAGE_STANDARD = gnu17;
				GCC_NO_COMMON_BLOCKS = YES;
				GCC_WARN_64_TO_32_BIT_CONVERSION = YES;
				GCC_WARN_ABOUT_RETURN_TYPE = YES_ERROR;
				GCC_WARN_UNDECLARED_SELECTOR = YES;
				GCC_WARN_UNINITIALIZED_AUTOS = YES_AGGRESSIVE;
				GCC_WARN_UNUSED_FUNCTION = YES;
				GCC_WARN_UNUSED_VARIABLE = YES;
				IPHONEOS_DEPLOYMENT_TARGET = 18.5;
				LOCALIZATION_PREFERS_STRING_CATALOGS = YES;
				MTL_ENABLE_DEBUG_INFO = NO;
				MTL_FAST_MATH = YES;
				SDKROOT = iphoneos;
				SWIFT_COMPILATION_MODE = wholemodule;
				VALIDATE_PRODUCT = YES;
			};
			name = Release;
		};
		4E1E01BC2E0131990078E722 /* Debug */ = {
			isa = XCBuildConfiguration;
			baseConfigurationReference = 9ECDEEC9414184971863ED28 /* Pods-Musiz.debug.xcconfig */;
			buildSettings = {
				ASSETCATALOG_COMPILER_APPICON_NAME = AppIcon;
				ASSETCATALOG_COMPILER_GLOBAL_ACCENT_COLOR_NAME = AccentColor;
				CODE_SIGN_STYLE = Automatic;
				CURRENT_PROJECT_VERSION = 1;
				DEVELOPMENT_TEAM = H2C4R2VE3A;
				ENABLE_PREVIEWS = YES;
				GENERATE_INFOPLIST_FILE = YES;
				INFOPLIST_KEY_UIApplicationSceneManifest_Generation = YES;
				INFOPLIST_KEY_UIApplicationSupportsIndirectInputEvents = YES;
				INFOPLIST_KEY_UILaunchScreen_Generation = YES;
				INFOPLIST_KEY_UISupportedInterfaceOrientations_iPad = "UIInterfaceOrientationPortrait UIInterfaceOrientationPortraitUpsideDown UIInterfaceOrientationLandscapeLeft UIInterfaceOrientationLandscapeRight";
				INFOPLIST_KEY_UISupportedInterfaceOrientations_iPhone = "UIInterfaceOrientationPortrait UIInterfaceOrientationLandscapeLeft UIInterfaceOrientationLandscapeRight";
				IPHONEOS_DEPLOYMENT_TARGET = 16.6;
				LD_RUNPATH_SEARCH_PATHS = (
					"$(inherited)",
					"@executable_path/Frameworks",
				);
				MARKETING_VERSION = 1.0;
				PRODUCT_BUNDLE_IDENTIFIER = com.JustCheck.Musiz;
				PRODUCT_NAME = "$(TARGET_NAME)";
				SWIFT_EMIT_LOC_STRINGS = YES;
				SWIFT_VERSION = 5.0;
				TARGETED_DEVICE_FAMILY = "1,2";
			};
			name = Debug;
		};
		4E1E01BD2E0131990078E722 /* Release */ = {
			isa = XCBuildConfiguration;
			baseConfigurationReference = E261A46D25AB23838B720496 /* Pods-Musiz.release.xcconfig */;
			buildSettings = {
				ASSETCATALOG_COMPILER_APPICON_NAME = AppIcon;
				ASSETCATALOG_COMPILER_GLOBAL_ACCENT_COLOR_NAME = AccentColor;
				CODE_SIGN_STYLE = Automatic;
				CURRENT_PROJECT_VERSION = 1;
				DEVELOPMENT_TEAM = H2C4R2VE3A;
				ENABLE_PREVIEWS = YES;
				GENERATE_INFOPLIST_FILE = YES;
				INFOPLIST_KEY_UIApplicationSceneManifest_Generation = YES;
				INFOPLIST_KEY_UIApplicationSupportsIndirectInputEvents = YES;
				INFOPLIST_KEY_UILaunchScreen_Generation = YES;
				INFOPLIST_KEY_UISupportedInterfaceOrientations_iPad = "UIInterfaceOrientationPortrait UIInterfaceOrientationPortraitUpsideDown UIInterfaceOrientationLandscapeLeft UIInterfaceOrientationLandscapeRight";
				INFOPLIST_KEY_UISupportedInterfaceOrientations_iPhone = "UIInterfaceOrientationPortrait UIInterfaceOrientationLandscapeLeft UIInterfaceOrientationLandscapeRight";
				IPHONEOS_DEPLOYMENT_TARGET = 16.6;
				LD_RUNPATH_SEARCH_PATHS = (
					"$(inherited)",
					"@executable_path/Frameworks",
				);
				MARKETING_VERSION = 1.0;
				PRODUCT_BUNDLE_IDENTIFIER = com.JustCheck.Musiz;
				PRODUCT_NAME = "$(TARGET_NAME)";
				SWIFT_EMIT_LOC_STRINGS = YES;
				SWIFT_VERSION = 5.0;
				TARGETED_DEVICE_FAMILY = "1,2";
			};
			name = Release;
		};
		4E1E01BF2E0131990078E722 /* Debug */ = {
			isa = XCBuildConfiguration;
			baseConfigurationReference = 55B7C74131489BEAE72C7999 /* Pods-MusizTests.debug.xcconfig */;
			buildSettings = {
				BUNDLE_LOADER = "$(TEST_HOST)";
				CODE_SIGN_STYLE = Automatic;
				CURRENT_PROJECT_VERSION = 1;
				DEVELOPMENT_TEAM = H2C4R2VE3A;
				GENERATE_INFOPLIST_FILE = YES;
				IPHONEOS_DEPLOYMENT_TARGET = 18.5;
				MARKETING_VERSION = 1.0;
				PRODUCT_BUNDLE_IDENTIFIER = com.JustCheck.MusizTests;
				PRODUCT_NAME = "$(TARGET_NAME)";
				SWIFT_EMIT_LOC_STRINGS = NO;
				SWIFT_VERSION = 5.0;
				TARGETED_DEVICE_FAMILY = "1,2";
				TEST_HOST = "$(BUILT_PRODUCTS_DIR)/Musiz.app/$(BUNDLE_EXECUTABLE_FOLDER_PATH)/Musiz";
			};
			name = Debug;
		};
		4E1E01C02E0131990078E722 /* Release */ = {
			isa = XCBuildConfiguration;
			baseConfigurationReference = 5171AB6BB5428DC8DE05BF81 /* Pods-MusizTests.release.xcconfig */;
			buildSettings = {
				BUNDLE_LOADER = "$(TEST_HOST)";
				CODE_SIGN_STYLE = Automatic;
				CURRENT_PROJECT_VERSION = 1;
				DEVELOPMENT_TEAM = H2C4R2VE3A;
				GENERATE_INFOPLIST_FILE = YES;
				IPHONEOS_DEPLOYMENT_TARGET = 18.5;
				MARKETING_VERSION = 1.0;
				PRODUCT_BUNDLE_IDENTIFIER = com.JustCheck.MusizTests;
				PRODUCT_NAME = "$(TARGET_NAME)";
				SWIFT_EMIT_LOC_STRINGS = NO;
				SWIFT_VERSION = 5.0;
				TARGETED_DEVICE_FAMILY = "1,2";
				TEST_HOST = "$(BUILT_PRODUCTS_DIR)/Musiz.app/$(BUNDLE_EXECUTABLE_FOLDER_PATH)/Musiz";
			};
			name = Release;
		};
		4E1E01C22E0131990078E722 /* Debug */ = {
			isa = XCBuildConfiguration;
			baseConfigurationReference = FC2271F398C5C29FD7BD25DE /* Pods-Musiz-MusizUITests.debug.xcconfig */;
			buildSettings = {
				CODE_SIGN_STYLE = Automatic;
				CURRENT_PROJECT_VERSION = 1;
				DEVELOPMENT_TEAM = H2C4R2VE3A;
				GENERATE_INFOPLIST_FILE = YES;
				MARKETING_VERSION = 1.0;
				PRODUCT_BUNDLE_IDENTIFIER = com.JustCheck.MusizUITests;
				PRODUCT_NAME = "$(TARGET_NAME)";
				SWIFT_EMIT_LOC_STRINGS = NO;
				SWIFT_VERSION = 5.0;
				TARGETED_DEVICE_FAMILY = "1,2";
				TEST_TARGET_NAME = Musiz;
			};
			name = Debug;
		};
		4E1E01C32E0131990078E722 /* Release */ = {
			isa = XCBuildConfiguration;
			baseConfigurationReference = 7F093D8672706D8C870CF716 /* Pods-Musiz-MusizUITests.release.xcconfig */;
			buildSettings = {
				CODE_SIGN_STYLE = Automatic;
				CURRENT_PROJECT_VERSION = 1;
				DEVELOPMENT_TEAM = H2C4R2VE3A;
				GENERATE_INFOPLIST_FILE = YES;
				MARKETING_VERSION = 1.0;
				PRODUCT_BUNDLE_IDENTIFIER = com.JustCheck.MusizUITests;
				PRODUCT_NAME = "$(TARGET_NAME)";
				SWIFT_EMIT_LOC_STRINGS = NO;
				SWIFT_VERSION = 5.0;
				TARGETED_DEVICE_FAMILY = "1,2";
				TEST_TARGET_NAME = Musiz;
			};
			name = Release;
		};
/* End XCBuildConfiguration section */

/* Begin XCConfigurationList section */
		4E1E01952E0131950078E722 /* Build configuration list for PBXProject "Musiz" */ = {
			isa = XCConfigurationList;
			buildConfigurations = (
				4E1E01B92E0131990078E722 /* Debug */,
				4E1E01BA2E0131990078E722 /* Release */,
			);
			defaultConfigurationIsVisible = 0;
			defaultConfigurationName = Release;
		};
		4E1E01BB2E0131990078E722 /* Build configuration list for PBXNativeTarget "Musiz" */ = {
			isa = XCConfigurationList;
			buildConfigurations = (
				4E1E01BC2E0131990078E722 /* Debug */,
				4E1E01BD2E0131990078E722 /* Release */,
			);
			defaultConfigurationIsVisible = 0;
			defaultConfigurationName = Release;
		};
		4E1E01BE2E0131990078E722 /* Build configuration list for PBXNativeTarget "MusizTests" */ = {
			isa = XCConfigurationList;
			buildConfigurations = (
				4E1E01BF2E0131990078E722 /* Debug */,
				4E1E01C02E0131990078E722 /* Release */,
			);
			defaultConfigurationIsVisible = 0;
			defaultConfigurationName = Release;
		};
		4E1E01C12E0131990078E722 /* Build configuration list for PBXNativeTarget "MusizUITests" */ = {
			isa = XCConfigurationList;
			buildConfigurations = (
				4E1E01C22E0131990078E722 /* Debug */,
				4E1E01C32E0131990078E722 /* Release */,
			);
			defaultConfigurationIsVisible = 0;
			defaultConfigurationName = Release;
		};
/* End XCConfigurationList section */

/* Begin XCRemoteSwiftPackageReference section */
		4E1607B62E0424E4005E1FA2 /* XCRemoteSwiftPackageReference "firebase-ios-sdk" */ = {
			isa = XCRemoteSwiftPackageReference;
			repositoryURL = "https://github.com/firebase/firebase-ios-sdk";
			requirement = {
				kind = upToNextMajorVersion;
				minimumVersion = 11.14.0;
			};
		};
/* End XCRemoteSwiftPackageReference section */

/* Begin XCSwiftPackageProductDependency section */
		4E1607B72E0424E4005E1FA2 /* FirebaseAI */ = {
			isa = XCSwiftPackageProductDependency;
			package = 4E1607B62E0424E4005E1FA2 /* XCRemoteSwiftPackageReference "firebase-ios-sdk" */;
			productName = FirebaseAI;
		};
		4E1607B92E0424E4005E1FA2 /* FirebaseAnalytics */ = {
			isa = XCSwiftPackageProductDependency;
			package = 4E1607B62E0424E4005E1FA2 /* XCRemoteSwiftPackageReference "firebase-ios-sdk" */;
			productName = FirebaseAnalytics;
		};
		4E1607BB2E0424E4005E1FA2 /* FirebaseAnalyticsCore */ = {
			isa = XCSwiftPackageProductDependency;
			package = 4E1607B62E0424E4005E1FA2 /* XCRemoteSwiftPackageReference "firebase-ios-sdk" */;
			productName = FirebaseAnalyticsCore;
		};
		4E1607BD2E0424E4005E1FA2 /* FirebaseAnalyticsIdentitySupport */ = {
			isa = XCSwiftPackageProductDependency;
			package = 4E1607B62E0424E4005E1FA2 /* XCRemoteSwiftPackageReference "firebase-ios-sdk" */;
			productName = FirebaseAnalyticsIdentitySupport;
		};
		4E1607BF2E0424E4005E1FA2 /* FirebaseAnalyticsOnDeviceConversion */ = {
			isa = XCSwiftPackageProductDependency;
			package = 4E1607B62E0424E4005E1FA2 /* XCRemoteSwiftPackageReference "firebase-ios-sdk" */;
			productName = FirebaseAnalyticsOnDeviceConversion;
		};
		4E1607C12E0424E4005E1FA2 /* FirebaseAnalyticsWithoutAdIdSupport */ = {
			isa = XCSwiftPackageProductDependency;
			package = 4E1607B62E0424E4005E1FA2 /* XCRemoteSwiftPackageReference "firebase-ios-sdk" */;
			productName = FirebaseAnalyticsWithoutAdIdSupport;
		};
		4E1607C32E0424E4005E1FA2 /* FirebaseAppCheck */ = {
			isa = XCSwiftPackageProductDependency;
			package = 4E1607B62E0424E4005E1FA2 /* XCRemoteSwiftPackageReference "firebase-ios-sdk" */;
			productName = FirebaseAppCheck;
		};
		4E1607C52E0424E4005E1FA2 /* FirebaseAppDistribution-Beta */ = {
			isa = XCSwiftPackageProductDependency;
			package = 4E1607B62E0424E4005E1FA2 /* XCRemoteSwiftPackageReference "firebase-ios-sdk" */;
			productName = "FirebaseAppDistribution-Beta";
		};
		4E1607C72E0424E4005E1FA2 /* FirebaseAuth */ = {
			isa = XCSwiftPackageProductDependency;
			package = 4E1607B62E0424E4005E1FA2 /* XCRemoteSwiftPackageReference "firebase-ios-sdk" */;
			productName = FirebaseAuth;
		};
		4E1607C92E0424E4005E1FA2 /* FirebaseAuthCombine-Community */ = {
			isa = XCSwiftPackageProductDependency;
			package = 4E1607B62E0424E4005E1FA2 /* XCRemoteSwiftPackageReference "firebase-ios-sdk" */;
			productName = "FirebaseAuthCombine-Community";
		};
		4E1607CB2E0424E4005E1FA2 /* FirebaseCore */ = {
			isa = XCSwiftPackageProductDependency;
			package = 4E1607B62E0424E4005E1FA2 /* XCRemoteSwiftPackageReference "firebase-ios-sdk" */;
			productName = FirebaseCore;
		};
		4E1607CD2E0424E4005E1FA2 /* FirebaseCrashlytics */ = {
			isa = XCSwiftPackageProductDependency;
			package = 4E1607B62E0424E4005E1FA2 /* XCRemoteSwiftPackageReference "firebase-ios-sdk" */;
			productName = FirebaseCrashlytics;
		};
		4E1607CF2E0424E4005E1FA2 /* FirebaseDatabase */ = {
			isa = XCSwiftPackageProductDependency;
			package = 4E1607B62E0424E4005E1FA2 /* XCRemoteSwiftPackageReference "firebase-ios-sdk" */;
			productName = FirebaseDatabase;
		};
		4E1607D12E0424E4005E1FA2 /* FirebaseDynamicLinks */ = {
			isa = XCSwiftPackageProductDependency;
			package = 4E1607B62E0424E4005E1FA2 /* XCRemoteSwiftPackageReference "firebase-ios-sdk" */;
			productName = FirebaseDynamicLinks;
		};
		4E1607D32E0424E4005E1FA2 /* FirebaseFirestore */ = {
			isa = XCSwiftPackageProductDependency;
			package = 4E1607B62E0424E4005E1FA2 /* XCRemoteSwiftPackageReference "firebase-ios-sdk" */;
			productName = FirebaseFirestore;
		};
		4E1607D52E0424E4005E1FA2 /* FirebaseFirestoreCombine-Community */ = {
			isa = XCSwiftPackageProductDependency;
			package = 4E1607B62E0424E4005E1FA2 /* XCRemoteSwiftPackageReference "firebase-ios-sdk" */;
			productName = "FirebaseFirestoreCombine-Community";
		};
		4E1607D72E0424E4005E1FA2 /* FirebaseFunctions */ = {
			isa = XCSwiftPackageProductDependency;
			package = 4E1607B62E0424E4005E1FA2 /* XCRemoteSwiftPackageReference "firebase-ios-sdk" */;
			productName = FirebaseFunctions;
		};
		4E1607D92E0424E4005E1FA2 /* FirebaseFunctionsCombine-Community */ = {
			isa = XCSwiftPackageProductDependency;
			package = 4E1607B62E0424E4005E1FA2 /* XCRemoteSwiftPackageReference "firebase-ios-sdk" */;
			productName = "FirebaseFunctionsCombine-Community";
		};
		4E1607DB2E0424E4005E1FA2 /* FirebaseInAppMessaging-Beta */ = {
			isa = XCSwiftPackageProductDependency;
			package = 4E1607B62E0424E4005E1FA2 /* XCRemoteSwiftPackageReference "firebase-ios-sdk" */;
			productName = "FirebaseInAppMessaging-Beta";
		};
		4E1607DD2E0424E4005E1FA2 /* FirebaseInstallations */ = {
			isa = XCSwiftPackageProductDependency;
			package = 4E1607B62E0424E4005E1FA2 /* XCRemoteSwiftPackageReference "firebase-ios-sdk" */;
			productName = FirebaseInstallations;
		};
		4E1607DF2E0424E4005E1FA2 /* FirebaseMLModelDownloader */ = {
			isa = XCSwiftPackageProductDependency;
			package = 4E1607B62E0424E4005E1FA2 /* XCRemoteSwiftPackageReference "firebase-ios-sdk" */;
			productName = FirebaseMLModelDownloader;
		};
		4E1607E12E0424E4005E1FA2 /* FirebaseMessaging */ = {
			isa = XCSwiftPackageProductDependency;
			package = 4E1607B62E0424E4005E1FA2 /* XCRemoteSwiftPackageReference "firebase-ios-sdk" */;
			productName = FirebaseMessaging;
		};
		4E1607E32E0424E4005E1FA2 /* FirebasePerformance */ = {
			isa = XCSwiftPackageProductDependency;
			package = 4E1607B62E0424E4005E1FA2 /* XCRemoteSwiftPackageReference "firebase-ios-sdk" */;
			productName = FirebasePerformance;
		};
		4E1607E52E0424E4005E1FA2 /* FirebaseRemoteConfig */ = {
			isa = XCSwiftPackageProductDependency;
			package = 4E1607B62E0424E4005E1FA2 /* XCRemoteSwiftPackageReference "firebase-ios-sdk" */;
			productName = FirebaseRemoteConfig;
		};
		4E1607E72E0424E4005E1FA2 /* FirebaseStorage */ = {
			isa = XCSwiftPackageProductDependency;
			package = 4E1607B62E0424E4005E1FA2 /* XCRemoteSwiftPackageReference "firebase-ios-sdk" */;
			productName = FirebaseStorage;
		};
		4E1607E92E0424E4005E1FA2 /* FirebaseStorageCombine-Community */ = {
			isa = XCSwiftPackageProductDependency;
			package = 4E1607B62E0424E4005E1FA2 /* XCRemoteSwiftPackageReference "firebase-ios-sdk" */;
			productName = "FirebaseStorageCombine-Community";
		};
		4E1607EB2E0424E4005E1FA2 /* FirebaseVertexAI */ = {
			isa = XCSwiftPackageProductDependency;
			package = 4E1607B62E0424E4005E1FA2 /* XCRemoteSwiftPackageReference "firebase-ios-sdk" */;
			productName = FirebaseVertexAI;
		};
/* End XCSwiftPackageProductDependency section */

/* Begin XCVersionGroup section */
		4E1E02042E013DEF0078E722 /* Model.xcdatamodeld */ = {
			isa = XCVersionGroup;
			children = (
				4E1E02052E013DEF0078E722 /* Model.xcdatamodel */,
			);
			currentVersion = 4E1E02052E013DEF0078E722 /* Model.xcdatamodel */;
			path = Model.xcdatamodeld;
			sourceTree = "<group>";
			versionGroupType = wrapper.xcdatamodel;
		};
/* End XCVersionGroup section */
	};
	rootObject = 4E1E01922E0131950078E722 /* Project object */;
}
